// !$*UTF8*$!
{
	archiveVersion = 1;
	classes = {
	};
	objectVersion = 56;
	objects = {

/* Begin PBXBuildFile section */
		320386922BF58E7900EB57AB /* CardView.swift in Sources */ = {isa = PBXBuildFile; fileRef = 320386912BF58E7800EB57AB /* CardView.swift */; };
		320386942BF59A3300EB57AB /* CardsScreen.swift in Sources */ = {isa = PBXBuildFile; fileRef = 320386932BF59A3300EB57AB /* CardsScreen.swift */; };
		320386962BF5A89F00EB57AB /* CardList.swift in Sources */ = {isa = PBXBuildFile; fileRef = 320386952BF5A89F00EB57AB /* CardList.swift */; };
		320386982BF5A8BD00EB57AB /* TransactionsView.swift in Sources */ = {isa = PBXBuildFile; fileRef = 320386972BF5A8BD00EB57AB /* TransactionsView.swift */; };
		328310682C1296F8000837B8 /* BankCardView.swift in Sources */ = {isa = PBXBuildFile; fileRef = 328310672C1296F8000837B8 /* BankCardView.swift */; };
		3283106A2C12970F000837B8 /* CircularImageView.swift in Sources */ = {isa = PBXBuildFile; fileRef = 328310692C12970F000837B8 /* CircularImageView.swift */; };
		3283106C2C129728000837B8 /* ShareCardView.swift in Sources */ = {isa = PBXBuildFile; fileRef = 3283106B2C129728000837B8 /* ShareCardView.swift */; };
		3283106E2C12973E000837B8 /* TransactionItemView.swift in Sources */ = {isa = PBXBuildFile; fileRef = 3283106D2C12973E000837B8 /* TransactionItemView.swift */; };
		32CECA102BF4B47E002532F9 /* Inject in Frameworks */ = {isa = PBXBuildFile; productRef = 32CECA0F2BF4B47E002532F9 /* Inject */; };
		32CECCE22BF339CB000ACF2A /* randomPhotoApp.swift in Sources */ = {isa = PBXBuildFile; fileRef = 32CECCE12BF339CB000ACF2A /* randomPhotoApp.swift */; };
		32CECCE42BF339CB000ACF2A /* ContentView.swift in Sources */ = {isa = PBXBuildFile; fileRef = 32CECCE32BF339CB000ACF2A /* ContentView.swift */; };
		32CECCE62BF339D3000ACF2A /* Assets.xcassets in Resources */ = {isa = PBXBuildFile; fileRef = 32CECCE52BF339D3000ACF2A /* Assets.xcassets */; };
		32CECCE92BF339D3000ACF2A /* Preview Assets.xcassets in Resources */ = {isa = PBXBuildFile; fileRef = 32CECCE82BF339D3000ACF2A /* Preview Assets.xcassets */; };
/* End PBXBuildFile section */

/* Begin PBXFileReference section */
		320386912BF58E7800EB57AB /* CardView.swift */ = {isa = PBXFileReference; lastKnownFileType = sourcecode.swift; path = CardView.swift; sourceTree = "<group>"; };
		320386932BF59A3300EB57AB /* CardsScreen.swift */ = {isa = PBXFileReference; lastKnownFileType = sourcecode.swift; path = CardsScreen.swift; sourceTree = "<group>"; };
		320386952BF5A89F00EB57AB /* CardList.swift */ = {isa = PBXFileReference; lastKnownFileType = sourcecode.swift; path = CardList.swift; sourceTree = "<group>"; };
		320386972BF5A8BD00EB57AB /* TransactionsView.swift */ = {isa = PBXFileReference; lastKnownFileType = sourcecode.swift; path = TransactionsView.swift; sourceTree = "<group>"; };
		328310672C1296F8000837B8 /* BankCardView.swift */ = {isa = PBXFileReference; lastKnownFileType = sourcecode.swift; path = BankCardView.swift; sourceTree = "<group>"; };
		328310692C12970F000837B8 /* CircularImageView.swift */ = {isa = PBXFileReference; lastKnownFileType = sourcecode.swift; path = CircularImageView.swift; sourceTree = "<group>"; };
		3283106B2C129728000837B8 /* ShareCardView.swift */ = {isa = PBXFileReference; lastKnownFileType = sourcecode.swift; path = ShareCardView.swift; sourceTree = "<group>"; };
		3283106D2C12973E000837B8 /* TransactionItemView.swift */ = {isa = PBXFileReference; lastKnownFileType = sourcecode.swift; path = TransactionItemView.swift; sourceTree = "<group>"; };
		32CECCDE2BF339CB000ACF2A /* randomPhoto.app */ = {isa = PBXFileReference; explicitFileType = wrapper.application; includeInIndex = 0; path = randomPhoto.app; sourceTree = BUILT_PRODUCTS_DIR; };
		32CECCE12BF339CB000ACF2A /* randomPhotoApp.swift */ = {isa = PBXFileReference; lastKnownFileType = sourcecode.swift; path = randomPhotoApp.swift; sourceTree = "<group>"; };
		32CECCE32BF339CB000ACF2A /* ContentView.swift */ = {isa = PBXFileReference; lastKnownFileType = sourcecode.swift; path = ContentView.swift; sourceTree = "<group>"; };
		32CECCE52BF339D3000ACF2A /* Assets.xcassets */ = {isa = PBXFileReference; lastKnownFileType = folder.assetcatalog; path = Assets.xcassets; sourceTree = "<group>"; };
		32CECCE82BF339D3000ACF2A /* Preview Assets.xcassets */ = {isa = PBXFileReference; lastKnownFileType = folder.assetcatalog; path = "Preview Assets.xcassets"; sourceTree = "<group>"; };
/* End PBXFileReference section */

/* Begin PBXFrameworksBuildPhase section */
		32CECCDB2BF339CB000ACF2A /* Frameworks */ = {
			isa = PBXFrameworksBuildPhase;
			buildActionMask = 2147483647;
			files = (
				32CECA102BF4B47E002532F9 /* Inject in Frameworks */,
			);
			runOnlyForDeploymentPostprocessing = 0;
		};
/* End PBXFrameworksBuildPhase section */

/* Begin PBXGroup section */
		328310652C1293F8000837B8 /* Utils */ = {
			isa = PBXGroup;
			children = (
			);
			path = Utils;
			sourceTree = "<group>";
		};
		328310662C129406000837B8 /* Views */ = {
			isa = PBXGroup;
			children = (
				328310672C1296F8000837B8 /* BankCardView.swift */,
				328310692C12970F000837B8 /* CircularImageView.swift */,
				3283106B2C129728000837B8 /* ShareCardView.swift */,
				3283106D2C12973E000837B8 /* TransactionItemView.swift */,
			);
			path = Views;
			sourceTree = "<group>";
		};
		32CECCD52BF339CB000ACF2A = {
			isa = PBXGroup;
			children = (
				32CECCE02BF339CB000ACF2A /* randomPhoto */,
				32CECCDF2BF339CB000ACF2A /* Products */,
			);
			sourceTree = "<group>";
		};
		32CECCDF2BF339CB000ACF2A /* Products */ = {
			isa = PBXGroup;
			children = (
				32CECCDE2BF339CB000ACF2A /* randomPhoto.app */,
			);
			name = Products;
			sourceTree = "<group>";
		};
		32CECCE02BF339CB000ACF2A /* randomPhoto */ = {
			isa = PBXGroup;
			children = (
				32CECCE12BF339CB000ACF2A /* randomPhotoApp.swift */,
				32CECCE32BF339CB000ACF2A /* ContentView.swift */,
				320386912BF58E7800EB57AB /* CardView.swift */,
				320386932BF59A3300EB57AB /* CardsScreen.swift */,
				328310652C1293F8000837B8 /* Utils */,
				320386952BF5A89F00EB57AB /* CardList.swift */,
				320386972BF5A8BD00EB57AB /* TransactionsView.swift */,
				328310662C129406000837B8 /* Views */,
				32CECCE52BF339D3000ACF2A /* Assets.xcassets */,
				32CECCE72BF339D3000ACF2A /* Preview Content */,
			);
			path = randomPhoto;
			sourceTree = "<group>";
		};
		32CECCE72BF339D3000ACF2A /* Preview Content */ = {
			isa = PBXGroup;
			children = (
				32CECCE82BF339D3000ACF2A /* Preview Assets.xcassets */,
			);
			path = "Preview Content";
			sourceTree = "<group>";
		};
/* End PBXGroup section */

/* Begin PBXNativeTarget section */
		32CECCDD2BF339CB000ACF2A /* randomPhoto */ = {
			isa = PBXNativeTarget;
			buildConfigurationList = 32CECCEC2BF339D3000ACF2A /* Build configuration list for PBXNativeTarget "randomPhoto" */;
			buildPhases = (
				32CECCDA2BF339CB000ACF2A /* Sources */,
				32CECCDB2BF339CB000ACF2A /* Frameworks */,
				32CECCDC2BF339CB000ACF2A /* Resources */,
			);
			buildRules = (
			);
			dependencies = (
			);
			name = randomPhoto;
			packageProductDependencies = (
				32CECA0F2BF4B47E002532F9 /* Inject */,
			);
			productName = randomPhoto;
			productReference = 32CECCDE2BF339CB000ACF2A /* randomPhoto.app */;
			productType = "com.apple.product-type.application";
		};
/* End PBXNativeTarget section */

/* Begin PBXProject section */
		32CECCD62BF339CB000ACF2A /* Project object */ = {
			isa = PBXProject;
			attributes = {
				BuildIndependentTargetsInParallel = 1;
				LastSwiftUpdateCheck = 1420;
				LastUpgradeCheck = 1420;
				TargetAttributes = {
					32CECCDD2BF339CB000ACF2A = {
						CreatedOnToolsVersion = 14.2;
					};
				};
			};
			buildConfigurationList = 32CECCD92BF339CB000ACF2A /* Build configuration list for PBXProject "randomPhoto" */;
			compatibilityVersion = "Xcode 14.0";
			developmentRegion = en;
			hasScannedForEncodings = 0;
			knownRegions = (
				en,
				Base,
			);
			mainGroup = 32CECCD52BF339CB000ACF2A;
			packageReferences = (
				32CECA0E2BF4B47E002532F9 /* XCRemoteSwiftPackageReference "Inject" */,
			);
			productRefGroup = 32CECCDF2BF339CB000ACF2A /* Products */;
			projectDirPath = "";
			projectRoot = "";
			targets = (
				32CECCDD2BF339CB000ACF2A /* randomPhoto */,
			);
		};
/* End PBXProject section */

/* Begin PBXResourcesBuildPhase section */
		32CECCDC2BF339CB000ACF2A /* Resources */ = {
			isa = PBXResourcesBuildPhase;
			buildActionMask = 2147483647;
			files = (
				32CECCE92BF339D3000ACF2A /* Preview Assets.xcassets in Resources */,
				32CECCE62BF339D3000ACF2A /* Assets.xcassets in Resources */,
			);
			runOnlyForDeploymentPostprocessing = 0;
		};
/* End PBXResourcesBuildPhase section */

/* Begin PBXSourcesBuildPhase section */
		32CECCDA2BF339CB000ACF2A /* Sources */ = {
			isa = PBXSourcesBuildPhase;
			buildActionMask = 2147483647;
			files = (
				328310682C1296F8000837B8 /* BankCardView.swift in Sources */,
				32CECCE42BF339CB000ACF2A /* ContentView.swift in Sources */,
				320386942BF59A3300EB57AB /* CardsScreen.swift in Sources */,
				320386962BF5A89F00EB57AB /* CardList.swift in Sources */,
				320386922BF58E7900EB57AB /* CardView.swift in Sources */,
				3283106A2C12970F000837B8 /* CircularImageView.swift in Sources */,
				3283106E2C12973E000837B8 /* TransactionItemView.swift in Sources */,
				3283106C2C129728000837B8 /* ShareCardView.swift in Sources */,
				32CECCE22BF339CB000ACF2A /* randomPhotoApp.swift in Sources */,
				320386982BF5A8BD00EB57AB /* TransactionsView.swift in Sources */,
			);
			runOnlyForDeploymentPostprocessing = 0;
		};
/* End PBXSourcesBuildPhase section */

/* Begin XCBuildConfiguration section */
		32CECCEA2BF339D3000ACF2A /* Debug */ = {
			isa = XCBuildConfiguration;
			buildSettings = {
				ALWAYS_SEARCH_USER_PATHS = NO;
				CLANG_ANALYZER_NONNULL = YES;
				CLANG_ANALYZER_NUMBER_OBJECT_CONVERSION = YES_AGGRESSIVE;
				CLANG_CXX_LANGUAGE_STANDARD = "gnu++20";
				CLANG_ENABLE_MODULES = YES;
				CLANG_ENABLE_OBJC_ARC = YES;
				CLANG_ENABLE_OBJC_WEAK = YES;
				CLANG_WARN_BLOCK_CAPTURE_AUTORELEASING = YES;
				CLANG_WARN_BOOL_CONVERSION = YES;
				CLANG_WARN_COMMA = YES;
				CLANG_WARN_CONSTANT_CONVERSION = YES;
				CLANG_WARN_DEPRECATED_OBJC_IMPLEMENTATIONS = YES;
				CLANG_WARN_DIRECT_OBJC_ISA_USAGE = YES_ERROR;
				CLANG_WARN_DOCUMENTATION_COMMENTS = YES;
				CLANG_WARN_EMPTY_BODY = YES;
				CLANG_WARN_ENUM_CONVERSION = YES;
				CLANG_WARN_INFINITE_RECURSION = YES;
				CLANG_WARN_INT_CONVERSION = YES;
				CLANG_WARN_NON_LITERAL_NULL_CONVERSION = YES;
				CLANG_WARN_OBJC_IMPLICIT_RETAIN_SELF = YES;
				CLANG_WARN_OBJC_LITERAL_CONVERSION = YES;
				CLANG_WARN_OBJC_ROOT_CLASS = YES_ERROR;
				CLANG_WARN_QUOTED_INCLUDE_IN_FRAMEWORK_HEADER = YES;
				CLANG_WARN_RANGE_LOOP_ANALYSIS = YES;
				CLANG_WARN_STRICT_PROTOTYPES = YES;
				CLANG_WARN_SUSPICIOUS_MOVE = YES;
				CLANG_WARN_UNGUARDED_AVAILABILITY = YES_AGGRESSIVE;
				CLANG_WARN_UNREACHABLE_CODE = YES;
				CLANG_WARN__DUPLICATE_METHOD_MATCH = YES;
				COPY_PHASE_STRIP = NO;
				DEBUG_INFORMATION_FORMAT = dwarf;
				ENABLE_STRICT_OBJC_MSGSEND = YES;
				ENABLE_TESTABILITY = YES;
				GCC_C_LANGUAGE_STANDARD = gnu11;
				GCC_DYNAMIC_NO_PIC = NO;
				GCC_NO_COMMON_BLOCKS = YES;
				GCC_OPTIMIZATION_LEVEL = 0;
				GCC_PREPROCESSOR_DEFINITIONS = (
					"DEBUG=1",
					"$(inherited)",
				);
				GCC_WARN_64_TO_32_BIT_CONVERSION = YES;
				GCC_WARN_ABOUT_RETURN_TYPE = YES_ERROR;
				GCC_WARN_UNDECLARED_SELECTOR = YES;
				GCC_WARN_UNINITIALIZED_AUTOS = YES_AGGRESSIVE;
				GCC_WARN_UNUSED_FUNCTION = YES;
				GCC_WARN_UNUSED_VARIABLE = YES;
				IPHONEOS_DEPLOYMENT_TARGET = 16.2;
				MTL_ENABLE_DEBUG_INFO = INCLUDE_SOURCE;
				MTL_FAST_MATH = YES;
				ONLY_ACTIVE_ARCH = YES;
				SDKROOT = iphoneos;
				SWIFT_ACTIVE_COMPILATION_CONDITIONS = DEBUG;
				SWIFT_OPTIMIZATION_LEVEL = "-Onone";
			};
			name = Debug;
		};
		32CECCEB2BF339D3000ACF2A /* Release */ = {
			isa = XCBuildConfiguration;
			buildSettings = {
				ALWAYS_SEARCH_USER_PATHS = NO;
				CLANG_ANALYZER_NONNULL = YES;
				CLANG_ANALYZER_NUMBER_OBJECT_CONVERSION = YES_AGGRESSIVE;
				CLANG_CXX_LANGUAGE_STANDARD = "gnu++20";
				CLANG_ENABLE_MODULES = YES;
				CLANG_ENABLE_OBJC_ARC = YES;
				CLANG_ENABLE_OBJC_WEAK = YES;
				CLANG_WARN_BLOCK_CAPTURE_AUTORELEASING = YES;
				CLANG_WARN_BOOL_CONVERSION = YES;
				CLANG_WARN_COMMA = YES;
				CLANG_WARN_CONSTANT_CONVERSION = YES;
				CLANG_WARN_DEPRECATED_OBJC_IMPLEMENTATIONS = YES;
				CLANG_WARN_DIRECT_OBJC_ISA_USAGE = YES_ERROR;
				CLANG_WARN_DOCUMENTATION_COMMENTS = YES;
				CLANG_WARN_EMPTY_BODY = YES;
				CLANG_WARN_ENUM_CONVERSION = YES;
				CLANG_WARN_INFINITE_RECURSION = YES;
				CLANG_WARN_INT_CONVERSION = YES;
				CLANG_WARN_NON_LITERAL_NULL_CONVERSION = YES;
				CLANG_WARN_OBJC_IMPLICIT_RETAIN_SELF = YES;
				CLANG_WARN_OBJC_LITERAL_CONVERSION = YES;
				CLANG_WARN_OBJC_ROOT_CLASS = YES_ERROR;
				CLANG_WARN_QUOTED_INCLUDE_IN_FRAMEWORK_HEADER = YES;
				CLANG_WARN_RANGE_LOOP_ANALYSIS = YES;
				CLANG_WARN_STRICT_PROTOTYPES = YES;
				CLANG_WARN_SUSPICIOUS_MOVE = YES;
				CLANG_WARN_UNGUARDED_AVAILABILITY = YES_AGGRESSIVE;
				CLANG_WARN_UNREACHABLE_CODE = YES;
				CLANG_WARN__DUPLICATE_METHOD_MATCH = YES;
				COPY_PHASE_STRIP = NO;
				DEBUG_INFORMATION_FORMAT = "dwarf-with-dsym";
				ENABLE_NS_ASSERTIONS = NO;
				ENABLE_STRICT_OBJC_MSGSEND = YES;
				GCC_C_LANGUAGE_STANDARD = gnu11;
				GCC_NO_COMMON_BLOCKS = YES;
				GCC_WARN_64_TO_32_BIT_CONVERSION = YES;
				GCC_WARN_ABOUT_RETURN_TYPE = YES_ERROR;
				GCC_WARN_UNDECLARED_SELECTOR = YES;
				GCC_WARN_UNINITIALIZED_AUTOS = YES_AGGRESSIVE;
				GCC_WARN_UNUSED_FUNCTION = YES;
				GCC_WARN_UNUSED_VARIABLE = YES;
				IPHONEOS_DEPLOYMENT_TARGET = 16.2;
				MTL_ENABLE_DEBUG_INFO = NO;
				MTL_FAST_MATH = YES;
				SDKROOT = iphoneos;
				SWIFT_COMPILATION_MODE = wholemodule;
				SWIFT_OPTIMIZATION_LEVEL = "-O";
				VALIDATE_PRODUCT = YES;
			};
			name = Release;
		};
		32CECCED2BF339D3000ACF2A /* Debug */ = {
			isa = XCBuildConfiguration;
			buildSettings = {
				ASSETCATALOG_COMPILER_APPICON_NAME = AppIcon;
				ASSETCATALOG_COMPILER_GLOBAL_ACCENT_COLOR_NAME = AccentColor;
				CODE_SIGN_STYLE = Automatic;
				CURRENT_PROJECT_VERSION = 1;
				DEVELOPMENT_ASSET_PATHS = "\"randomPhoto/Preview Content\"";
				DEVELOPMENT_TEAM = ZBDWAV4V93;
				ENABLE_PREVIEWS = YES;
				GENERATE_INFOPLIST_FILE = YES;
				INFOPLIST_KEY_UIApplicationSceneManifest_Generation = YES;
				INFOPLIST_KEY_UIApplicationSupportsIndirectInputEvents = YES;
				INFOPLIST_KEY_UILaunchScreen_Generation = YES;
				INFOPLIST_KEY_UISupportedInterfaceOrientations_iPad = "UIInterfaceOrientationPortrait UIInterfaceOrientationPortraitUpsideDown UIInterfaceOrientationLandscapeLeft UIInterfaceOrientationLandscapeRight";
				INFOPLIST_KEY_UISupportedInterfaceOrientations_iPhone = "UIInterfaceOrientationPortrait UIInterfaceOrientationLandscapeLeft UIInterfaceOrientationLandscapeRight";
				IPHONEOS_DEPLOYMENT_TARGET = 14.4;
				LD_RUNPATH_SEARCH_PATHS = (
					"$(inherited)",
					"@executable_path/Frameworks",
				);
				MARKETING_VERSION = 1.0;
				"OTHER_LDFLAGS[arch=*]" = (
					"-Xlinker",
					"-interposable",
				);
				PRODUCT_BUNDLE_IDENTIFIER = "develop-michellehlcn.randomPhoto";
				PRODUCT_NAME = "$(TARGET_NAME)";
				SWIFT_EMIT_LOC_STRINGS = YES;
				SWIFT_VERSION = 5.0;
				TARGETED_DEVICE_FAMILY = "1,2";
			};
			name = Debug;
		};
		32CECCEE2BF339D3000ACF2A /* Release */ = {
			isa = XCBuildConfiguration;
			buildSettings = {
				ASSETCATALOG_COMPILER_APPICON_NAME = AppIcon;
				ASSETCATALOG_COMPILER_GLOBAL_ACCENT_COLOR_NAME = AccentColor;
				CODE_SIGN_STYLE = Automatic;
				CURRENT_PROJECT_VERSION = 1;
				DEVELOPMENT_ASSET_PATHS = "\"randomPhoto/Preview Content\"";
				DEVELOPMENT_TEAM = ZBDWAV4V93;
				ENABLE_PREVIEWS = YES;
				GENERATE_INFOPLIST_FILE = YES;
				INFOPLIST_KEY_UIApplicationSceneManifest_Generation = YES;
				INFOPLIST_KEY_UIApplicationSupportsIndirectInputEvents = YES;
				INFOPLIST_KEY_UILaunchScreen_Generation = YES;
				INFOPLIST_KEY_UISupportedInterfaceOrientations_iPad = "UIInterfaceOrientationPortrait UIInterfaceOrientationPortraitUpsideDown UIInterfaceOrientationLandscapeLeft UIInterfaceOrientationLandscapeRight";
				INFOPLIST_KEY_UISupportedInterfaceOrientations_iPhone = "UIInterfaceOrientationPortrait UIInterfaceOrientationLandscapeLeft UIInterfaceOrientationLandscapeRight";
				IPHONEOS_DEPLOYMENT_TARGET = 14.4;
				LD_RUNPATH_SEARCH_PATHS = (
					"$(inherited)",
					"@executable_path/Frameworks",
				);
				MARKETING_VERSION = 1.0;
				PRODUCT_BUNDLE_IDENTIFIER = "develop-michellehlcn.randomPhoto";
				PRODUCT_NAME = "$(TARGET_NAME)";
				SWIFT_EMIT_LOC_STRINGS = YES;
				SWIFT_VERSION = 5.0;
				TARGETED_DEVICE_FAMILY = "1,2";
			};
			name = Release;
		};
/* End XCBuildConfiguration section */

/* Begin XCConfigurationList section */
		32CECCD92BF339CB000ACF2A /* Build configuration list for PBXProject "randomPhoto" */ = {
			isa = XCConfigurationList;
			buildConfigurations = (
				32CECCEA2BF339D3000ACF2A /* Debug */,
				32CECCEB2BF339D3000ACF2A /* Release */,
			);
			defaultConfigurationIsVisible = 0;
			defaultConfigurationName = Release;
		};
		32CECCEC2BF339D3000ACF2A /* Build configuration list for PBXNativeTarget "randomPhoto" */ = {
			isa = XCConfigurationList;
			buildConfigurations = (
				32CECCED2BF339D3000ACF2A /* Debug */,
				32CECCEE2BF339D3000ACF2A /* Release */,
			);
			defaultConfigurationIsVisible = 0;
			defaultConfigurationName = Release;
		};
/* End XCConfigurationList section */

/* Begin XCRemoteSwiftPackageReference section */
		32CECA0E2BF4B47E002532F9 /* XCRemoteSwiftPackageReference "Inject" */ = {
			isa = XCRemoteSwiftPackageReference;
			repositoryURL = "https://github.com/krzysztofzablocki/Inject.git";
			requirement = {
				kind = upToNextMajorVersion;
				minimumVersion = 1.0.0;
			};
		};
/* End XCRemoteSwiftPackageReference section */

/* Begin XCSwiftPackageProductDependency section */
		32CECA0F2BF4B47E002532F9 /* Inject */ = {
			isa = XCSwiftPackageProductDependency;
			package = 32CECA0E2BF4B47E002532F9 /* XCRemoteSwiftPackageReference "Inject" */;
			productName = Inject;
		};
/* End XCSwiftPackageProductDependency section */
	};
	rootObject = 32CECCD62BF339CB000ACF2A /* Project object */;
}
